// !$*UTF8*$!
{
	archiveVersion = 1;
	classes = {
	};
	objectVersion = 56;
	objects = {

/* Begin PBXBuildFile section */
		B8232FC82A188B620051FF35 /* GetStartedViewController.swift in Sources */ = {isa = PBXBuildFile; fileRef = B8232FC72A188B620051FF35 /* GetStartedViewController.swift */; };
		B8232FCC2A18CF220051FF35 /* RecipesDataModel.xcdatamodeld in Sources */ = {isa = PBXBuildFile; fileRef = B8232FCA2A18CF220051FF35 /* RecipesDataModel.xcdatamodeld */; };
		B8232FD42A19A54D0051FF35 /* CoreDataController.swift in Sources */ = {isa = PBXBuildFile; fileRef = B8232FD32A19A54D0051FF35 /* CoreDataController.swift */; };
		B8232FD62A19A90B0051FF35 /* SavedRecipesTableViewController.swift in Sources */ = {isa = PBXBuildFile; fileRef = B8232FD52A19A90B0051FF35 /* SavedRecipesTableViewController.swift */; };
		B8232FE12A19CEA10051FF35 /* RecipeEntity+CoreDataClass.swift in Sources */ = {isa = PBXBuildFile; fileRef = B8232FDF2A19CEA10051FF35 /* RecipeEntity+CoreDataClass.swift */; };
		B8232FE22A19CEA10051FF35 /* RecipeEntity+CoreDataProperties.swift in Sources */ = {isa = PBXBuildFile; fileRef = B8232FE02A19CEA10051FF35 /* RecipeEntity+CoreDataProperties.swift */; };
		B8232FF62A1B26C20051FF35 /* CollectionViewTableViewCell.swift in Sources */ = {isa = PBXBuildFile; fileRef = B8232FF52A1B26C20051FF35 /* CollectionViewTableViewCell.swift */; };
		B8232FF82A1B30ED0051FF35 /* APICaller.swift in Sources */ = {isa = PBXBuildFile; fileRef = B8232FF72A1B30ED0051FF35 /* APICaller.swift */; };
		B8232FFA2A1B360A0051FF35 /* TitleCollectionViewCell.swift in Sources */ = {isa = PBXBuildFile; fileRef = B8232FF92A1B360A0051FF35 /* TitleCollectionViewCell.swift */; };
		B8232FFD2A1C50270051FF35 /* SDWebImage in Frameworks */ = {isa = PBXBuildFile; productRef = B8232FFC2A1C50270051FF35 /* SDWebImage */; };
		B8232FFF2A1C50270051FF35 /* SDWebImageMapKit in Frameworks */ = {isa = PBXBuildFile; productRef = B8232FFE2A1C50270051FF35 /* SDWebImageMapKit */; };
		B82A3D162A20CFB600ACB2D5 /* UploadReviewViewController.swift in Sources */ = {isa = PBXBuildFile; fileRef = B82A3D152A20CFB600ACB2D5 /* UploadReviewViewController.swift */; };
		B86139A02A246C6900B9AA30 /* FirebaseStorage in Frameworks */ = {isa = PBXBuildFile; productRef = B861399F2A246C6900B9AA30 /* FirebaseStorage */; };
		B861A6522A106CA000D5D753 /* IngredientListTableViewController.swift in Sources */ = {isa = PBXBuildFile; fileRef = B861A6512A106CA000D5D753 /* IngredientListTableViewController.swift */; };
		B861A6562A106E2200D5D753 /* RecipeInfo.swift in Sources */ = {isa = PBXBuildFile; fileRef = B861A6552A106E2200D5D753 /* RecipeInfo.swift */; };
		B861A66C2A10ED3B00D5D753 /* SearchRecipe.swift in Sources */ = {isa = PBXBuildFile; fileRef = B861A66B2A10ED3B00D5D753 /* SearchRecipe.swift */; };
		B861A6702A10EF9200D5D753 /* RecipeData.swift in Sources */ = {isa = PBXBuildFile; fileRef = B861A66F2A10EF9200D5D753 /* RecipeData.swift */; };
		B861A6722A11DC8800D5D753 /* SearchRecipesTableViewController.swift in Sources */ = {isa = PBXBuildFile; fileRef = B861A6712A11DC8800D5D753 /* SearchRecipesTableViewController.swift */; };
		B861A6742A12070C00D5D753 /* RecipeOverview_ViewController.swift in Sources */ = {isa = PBXBuildFile; fileRef = B861A6732A12070C00D5D753 /* RecipeOverview_ViewController.swift */; };
		B861A6762A13033200D5D753 /* StepsViewController.swift in Sources */ = {isa = PBXBuildFile; fileRef = B861A6752A13033200D5D753 /* StepsViewController.swift */; };
		B861A67E2A1306C200D5D753 /* RecipeStep.swift in Sources */ = {isa = PBXBuildFile; fileRef = B861A67D2A1306C200D5D753 /* RecipeStep.swift */; };
		B861A6822A133AB200D5D753 /* Instruction.swift in Sources */ = {isa = PBXBuildFile; fileRef = B861A6812A133AB200D5D753 /* Instruction.swift */; };
		B872ACA32A2317F900D3DED3 /* CommunityViewController.swift in Sources */ = {isa = PBXBuildFile; fileRef = B872ACA22A2317F900D3DED3 /* CommunityViewController.swift */; };
		B872ACA52A2319E100D3DED3 /* ReviewPostTableViewCell.swift in Sources */ = {isa = PBXBuildFile; fileRef = B872ACA42A2319E100D3DED3 /* ReviewPostTableViewCell.swift */; };
		B872ACA72A231F8300D3DED3 /* StorageManager.swift in Sources */ = {isa = PBXBuildFile; fileRef = B872ACA62A231F8300D3DED3 /* StorageManager.swift */; };
		B872ACA92A23232900D3DED3 /* GoogleService-Info.plist in Resources */ = {isa = PBXBuildFile; fileRef = B872ACA82A23232800D3DED3 /* GoogleService-Info.plist */; };
		B87A074629F7A65C00461F82 /* HomePageViewController.swift in Sources */ = {isa = PBXBuildFile; fileRef = B87A074529F7A65C00461F82 /* HomePageViewController.swift */; };
		B89FB09F2A08F613008EFCDF /* LocationManager.swift in Sources */ = {isa = PBXBuildFile; fileRef = B89FB09E2A08F613008EFCDF /* LocationManager.swift */; };
		B89FB0A32A08FDE1008EFCDF /* LocationRequestView.swift in Sources */ = {isa = PBXBuildFile; fileRef = B89FB0A22A08FDE1008EFCDF /* LocationRequestView.swift */; };
		B89FB0A52A09E248008EFCDF /* CalculatorViewController.swift in Sources */ = {isa = PBXBuildFile; fileRef = B89FB0A42A09E248008EFCDF /* CalculatorViewController.swift */; };
		B8A6A96D2A0E13AE00717CA5 /* Weather_Temp_data.swift in Sources */ = {isa = PBXBuildFile; fileRef = B8A6A96C2A0E13AE00717CA5 /* Weather_Temp_data.swift */; };
		B8AB523229F4AE780092519E /* AppDelegate.swift in Sources */ = {isa = PBXBuildFile; fileRef = B8AB523129F4AE780092519E /* AppDelegate.swift */; };
		B8AB523429F4AE780092519E /* SceneDelegate.swift in Sources */ = {isa = PBXBuildFile; fileRef = B8AB523329F4AE780092519E /* SceneDelegate.swift */; };
		B8AB523929F4AE780092519E /* Main.storyboard in Resources */ = {isa = PBXBuildFile; fileRef = B8AB523729F4AE780092519E /* Main.storyboard */; };
		B8AB523B29F4AE780092519E /* Assets.xcassets in Resources */ = {isa = PBXBuildFile; fileRef = B8AB523A29F4AE780092519E /* Assets.xcassets */; };
		B8AB523E29F4AE780092519E /* LaunchScreen.storyboard in Resources */ = {isa = PBXBuildFile; fileRef = B8AB523C29F4AE780092519E /* LaunchScreen.storyboard */; };
		B8AB524729F4AF300092519E /* FirebaseAuth in Frameworks */ = {isa = PBXBuildFile; productRef = B8AB524629F4AF300092519E /* FirebaseAuth */; };
		B8AB524929F4AF300092519E /* FirebaseFirestore in Frameworks */ = {isa = PBXBuildFile; productRef = B8AB524829F4AF300092519E /* FirebaseFirestore */; };
		B8AB524B29F4AF300092519E /* FirebaseFirestoreSwift in Frameworks */ = {isa = PBXBuildFile; productRef = B8AB524A29F4AF300092519E /* FirebaseFirestoreSwift */; };
		B8AB524E29F4AF500092519E /* GoogleSignIn in Frameworks */ = {isa = PBXBuildFile; productRef = B8AB524D29F4AF500092519E /* GoogleSignIn */; };
		B8AB525029F4AF500092519E /* GoogleSignInSwift in Frameworks */ = {isa = PBXBuildFile; productRef = B8AB524F29F4AF500092519E /* GoogleSignInSwift */; };
		B8AB525529F4B0BD0092519E /* SignUpViewController.swift in Sources */ = {isa = PBXBuildFile; fileRef = B8AB525429F4B0BD0092519E /* SignUpViewController.swift */; };
		B8AB525B29F4BD800092519E /* FirebaseController.swift in Sources */ = {isa = PBXBuildFile; fileRef = B8AB525A29F4BD800092519E /* FirebaseController.swift */; };
		B8AB525E29F4BF2D0092519E /* DisplayMessage.swift in Sources */ = {isa = PBXBuildFile; fileRef = B8AB525D29F4BF2D0092519E /* DisplayMessage.swift */; };
		B8AB526129F4C0430092519E /* logInViewController.swift in Sources */ = {isa = PBXBuildFile; fileRef = B8AB526029F4C0430092519E /* logInViewController.swift */; };
		B8B0B6E92A25B40400771A4C /* FirebaseDatabase in Frameworks */ = {isa = PBXBuildFile; productRef = B8B0B6E82A25B40400771A4C /* FirebaseDatabase */; };
/* End PBXBuildFile section */

/* Begin PBXFileReference section */
		B8232FC72A188B620051FF35 /* GetStartedViewController.swift */ = {isa = PBXFileReference; lastKnownFileType = sourcecode.swift; path = GetStartedViewController.swift; sourceTree = "<group>"; };
		B8232FCB2A18CF220051FF35 /* RecipesDataModel.xcdatamodel */ = {isa = PBXFileReference; lastKnownFileType = wrapper.xcdatamodel; path = RecipesDataModel.xcdatamodel; sourceTree = "<group>"; };
		B8232FD32A19A54D0051FF35 /* CoreDataController.swift */ = {isa = PBXFileReference; lastKnownFileType = sourcecode.swift; path = CoreDataController.swift; sourceTree = "<group>"; };
		B8232FD52A19A90B0051FF35 /* SavedRecipesTableViewController.swift */ = {isa = PBXFileReference; lastKnownFileType = sourcecode.swift; path = SavedRecipesTableViewController.swift; sourceTree = "<group>"; };
		B8232FDF2A19CEA10051FF35 /* RecipeEntity+CoreDataClass.swift */ = {isa = PBXFileReference; lastKnownFileType = sourcecode.swift; path = "RecipeEntity+CoreDataClass.swift"; sourceTree = "<group>"; };
		B8232FE02A19CEA10051FF35 /* RecipeEntity+CoreDataProperties.swift */ = {isa = PBXFileReference; lastKnownFileType = sourcecode.swift; path = "RecipeEntity+CoreDataProperties.swift"; sourceTree = "<group>"; };
		B8232FF52A1B26C20051FF35 /* CollectionViewTableViewCell.swift */ = {isa = PBXFileReference; lastKnownFileType = sourcecode.swift; path = CollectionViewTableViewCell.swift; sourceTree = "<group>"; };
		B8232FF72A1B30ED0051FF35 /* APICaller.swift */ = {isa = PBXFileReference; lastKnownFileType = sourcecode.swift; path = APICaller.swift; sourceTree = "<group>"; };
		B8232FF92A1B360A0051FF35 /* TitleCollectionViewCell.swift */ = {isa = PBXFileReference; lastKnownFileType = sourcecode.swift; path = TitleCollectionViewCell.swift; sourceTree = "<group>"; };
		B82A3D152A20CFB600ACB2D5 /* UploadReviewViewController.swift */ = {isa = PBXFileReference; lastKnownFileType = sourcecode.swift; path = UploadReviewViewController.swift; sourceTree = "<group>"; };
		B861A6512A106CA000D5D753 /* IngredientListTableViewController.swift */ = {isa = PBXFileReference; lastKnownFileType = sourcecode.swift; path = IngredientListTableViewController.swift; sourceTree = "<group>"; };
		B861A6552A106E2200D5D753 /* RecipeInfo.swift */ = {isa = PBXFileReference; lastKnownFileType = sourcecode.swift; path = RecipeInfo.swift; sourceTree = "<group>"; };
		B861A66B2A10ED3B00D5D753 /* SearchRecipe.swift */ = {isa = PBXFileReference; lastKnownFileType = sourcecode.swift; path = SearchRecipe.swift; sourceTree = "<group>"; };
		B861A66F2A10EF9200D5D753 /* RecipeData.swift */ = {isa = PBXFileReference; lastKnownFileType = sourcecode.swift; path = RecipeData.swift; sourceTree = "<group>"; };
		B861A6712A11DC8800D5D753 /* SearchRecipesTableViewController.swift */ = {isa = PBXFileReference; lastKnownFileType = sourcecode.swift; path = SearchRecipesTableViewController.swift; sourceTree = "<group>"; };
		B861A6732A12070C00D5D753 /* RecipeOverview_ViewController.swift */ = {isa = PBXFileReference; lastKnownFileType = sourcecode.swift; path = RecipeOverview_ViewController.swift; sourceTree = "<group>"; };
		B861A6752A13033200D5D753 /* StepsViewController.swift */ = {isa = PBXFileReference; lastKnownFileType = sourcecode.swift; path = StepsViewController.swift; sourceTree = "<group>"; };
		B861A67D2A1306C200D5D753 /* RecipeStep.swift */ = {isa = PBXFileReference; lastKnownFileType = sourcecode.swift; path = RecipeStep.swift; sourceTree = "<group>"; };
		B861A6812A133AB200D5D753 /* Instruction.swift */ = {isa = PBXFileReference; lastKnownFileType = sourcecode.swift; path = Instruction.swift; sourceTree = "<group>"; };
		B872ACA22A2317F900D3DED3 /* CommunityViewController.swift */ = {isa = PBXFileReference; lastKnownFileType = sourcecode.swift; path = CommunityViewController.swift; sourceTree = "<group>"; };
		B872ACA42A2319E100D3DED3 /* ReviewPostTableViewCell.swift */ = {isa = PBXFileReference; lastKnownFileType = sourcecode.swift; path = ReviewPostTableViewCell.swift; sourceTree = "<group>"; };
		B872ACA62A231F8300D3DED3 /* StorageManager.swift */ = {isa = PBXFileReference; lastKnownFileType = sourcecode.swift; path = StorageManager.swift; sourceTree = "<group>"; };
		B872ACA82A23232800D3DED3 /* GoogleService-Info.plist */ = {isa = PBXFileReference; fileEncoding = 4; lastKnownFileType = text.plist.xml; name = "GoogleService-Info.plist"; path = "../../../../Downloads/GoogleService-Info.plist"; sourceTree = "<group>"; };
		B87A074529F7A65C00461F82 /* HomePageViewController.swift */ = {isa = PBXFileReference; lastKnownFileType = sourcecode.swift; path = HomePageViewController.swift; sourceTree = "<group>"; };
		B89FB09E2A08F613008EFCDF /* LocationManager.swift */ = {isa = PBXFileReference; lastKnownFileType = sourcecode.swift; path = LocationManager.swift; sourceTree = "<group>"; };
		B89FB0A22A08FDE1008EFCDF /* LocationRequestView.swift */ = {isa = PBXFileReference; lastKnownFileType = sourcecode.swift; path = LocationRequestView.swift; sourceTree = "<group>"; };
		B89FB0A42A09E248008EFCDF /* CalculatorViewController.swift */ = {isa = PBXFileReference; lastKnownFileType = sourcecode.swift; path = CalculatorViewController.swift; sourceTree = "<group>"; };
		B8A6A96C2A0E13AE00717CA5 /* Weather_Temp_data.swift */ = {isa = PBXFileReference; lastKnownFileType = sourcecode.swift; path = Weather_Temp_data.swift; sourceTree = "<group>"; };
		B8AB523129F4AE780092519E /* AppDelegate.swift */ = {isa = PBXFileReference; lastKnownFileType = sourcecode.swift; path = AppDelegate.swift; sourceTree = "<group>"; };
		B8AB523329F4AE780092519E /* SceneDelegate.swift */ = {isa = PBXFileReference; lastKnownFileType = sourcecode.swift; path = SceneDelegate.swift; sourceTree = "<group>"; };
		B8AB523829F4AE780092519E /* Base */ = {isa = PBXFileReference; lastKnownFileType = file.storyboard; name = Base; path = Base.lproj/Main.storyboard; sourceTree = "<group>"; };
		B8AB523A29F4AE780092519E /* Assets.xcassets */ = {isa = PBXFileReference; lastKnownFileType = folder.assetcatalog; path = Assets.xcassets; sourceTree = "<group>"; };
		B8AB523D29F4AE780092519E /* Base */ = {isa = PBXFileReference; lastKnownFileType = file.storyboard; name = Base; path = Base.lproj/LaunchScreen.storyboard; sourceTree = "<group>"; };
		B8AB523F29F4AE780092519E /* Info.plist */ = {isa = PBXFileReference; lastKnownFileType = text.plist.xml; path = Info.plist; sourceTree = "<group>"; };
		B8AB525429F4B0BD0092519E /* SignUpViewController.swift */ = {isa = PBXFileReference; lastKnownFileType = sourcecode.swift; path = SignUpViewController.swift; sourceTree = "<group>"; };
		B8AB525A29F4BD800092519E /* FirebaseController.swift */ = {isa = PBXFileReference; lastKnownFileType = sourcecode.swift; path = FirebaseController.swift; sourceTree = "<group>"; };
		B8AB525D29F4BF2D0092519E /* DisplayMessage.swift */ = {isa = PBXFileReference; lastKnownFileType = sourcecode.swift; path = DisplayMessage.swift; sourceTree = "<group>"; };
		B8AB526029F4C0430092519E /* logInViewController.swift */ = {isa = PBXFileReference; lastKnownFileType = sourcecode.swift; path = logInViewController.swift; sourceTree = "<group>"; };
		B8B0B6E62A257C9000771A4C /* Final_App_FIT3178.app */ = {isa = PBXFileReference; explicitFileType = wrapper.application; includeInIndex = 0; path = Final_App_FIT3178.app; sourceTree = BUILT_PRODUCTS_DIR; };
		B8E9410129F63673005E465C /* Final_App_FIT3178.entitlements */ = {isa = PBXFileReference; lastKnownFileType = text.plist.entitlements; path = Final_App_FIT3178.entitlements; sourceTree = "<group>"; };
/* End PBXFileReference section */

/* Begin PBXFrameworksBuildPhase section */
		B8AB522B29F4AE770092519E /* Frameworks */ = {
			isa = PBXFrameworksBuildPhase;
			buildActionMask = 2147483647;
			files = (
				B8232FFD2A1C50270051FF35 /* SDWebImage in Frameworks */,
				B8AB525029F4AF500092519E /* GoogleSignInSwift in Frameworks */,
				B8AB524729F4AF300092519E /* FirebaseAuth in Frameworks */,
				B8AB524E29F4AF500092519E /* GoogleSignIn in Frameworks */,
				B8AB524929F4AF300092519E /* FirebaseFirestore in Frameworks */,
				B86139A02A246C6900B9AA30 /* FirebaseStorage in Frameworks */,
				B8B0B6E92A25B40400771A4C /* FirebaseDatabase in Frameworks */,
				B8232FFF2A1C50270051FF35 /* SDWebImageMapKit in Frameworks */,
				B8AB524B29F4AF300092519E /* FirebaseFirestoreSwift in Frameworks */,
			);
			runOnlyForDeploymentPostprocessing = 0;
		};
/* End PBXFrameworksBuildPhase section */

/* Begin PBXGroup section */
		B8232FC92A18CEF30051FF35 /* DataModel */ = {
			isa = PBXGroup;
			children = (
				B8232FDF2A19CEA10051FF35 /* RecipeEntity+CoreDataClass.swift */,
				B8232FE02A19CEA10051FF35 /* RecipeEntity+CoreDataProperties.swift */,
				B8232FD32A19A54D0051FF35 /* CoreDataController.swift */,
				B8232FCA2A18CF220051FF35 /* RecipesDataModel.xcdatamodeld */,
			);
			path = DataModel;
			sourceTree = "<group>";
		};
		B82A3D172A20CFBB00ACB2D5 /* HomePageViews */ = {
			isa = PBXGroup;
			children = (
				B87A074529F7A65C00461F82 /* HomePageViewController.swift */,
				B8232FF52A1B26C20051FF35 /* CollectionViewTableViewCell.swift */,
				B8232FF92A1B360A0051FF35 /* TitleCollectionViewCell.swift */,
			);
			path = HomePageViews;
			sourceTree = "<group>";
		};
		B872ACA12A2317C200D3DED3 /* CommunityPageViews */ = {
			isa = PBXGroup;
			children = (
				B872ACA22A2317F900D3DED3 /* CommunityViewController.swift */,
				B872ACA42A2319E100D3DED3 /* ReviewPostTableViewCell.swift */,
			);
			path = CommunityPageViews;
			sourceTree = "<group>";
		};
		B8A1B43B2A03C75E008D9EEE /* API */ = {
			isa = PBXGroup;
			children = (
				B8A6A96C2A0E13AE00717CA5 /* Weather_Temp_data.swift */,
				B861A6552A106E2200D5D753 /* RecipeInfo.swift */,
				B861A66B2A10ED3B00D5D753 /* SearchRecipe.swift */,
				B861A66F2A10EF9200D5D753 /* RecipeData.swift */,
				B861A67D2A1306C200D5D753 /* RecipeStep.swift */,
				B8232FF72A1B30ED0051FF35 /* APICaller.swift */,
			);
			path = API;
			sourceTree = "<group>";
		};
		B8AB522529F4AE770092519E = {
			isa = PBXGroup;
			children = (
				B8AB523029F4AE780092519E /* Final_App_FIT3178 */,
				B8B0B6E62A257C9000771A4C /* Final_App_FIT3178.app */,
				B8B0B6E72A25B40400771A4C /* Frameworks */,
			);
			sourceTree = "<group>";
		};
		B8AB523029F4AE780092519E /* Final_App_FIT3178 */ = {
			isa = PBXGroup;
			children = (
				B8E9410129F63673005E465C /* Final_App_FIT3178.entitlements */,
				B8AB523129F4AE780092519E /* AppDelegate.swift */,
				B8AB523329F4AE780092519E /* SceneDelegate.swift */,
				B8AB523729F4AE780092519E /* Main.storyboard */,
				B872ACA82A23232800D3DED3 /* GoogleService-Info.plist */,
				B8AB523A29F4AE780092519E /* Assets.xcassets */,
				B8AB523C29F4AE780092519E /* LaunchScreen.storyboard */,
				B8AB523F29F4AE780092519E /* Info.plist */,
				B8AB525A29F4BD800092519E /* FirebaseController.swift */,
				B8AB525D29F4BF2D0092519E /* DisplayMessage.swift */,
				B89FB09E2A08F613008EFCDF /* LocationManager.swift */,
				B861A6812A133AB200D5D753 /* Instruction.swift */,
				B872ACA62A231F8300D3DED3 /* StorageManager.swift */,
				B8232FC92A18CEF30051FF35 /* DataModel */,
				B8A1B43B2A03C75E008D9EEE /* API */,
				B8AB525F29F4C02A0092519E /* View */,
			);
			path = Final_App_FIT3178;
			sourceTree = "<group>";
		};
		B8AB525F29F4C02A0092519E /* View */ = {
			isa = PBXGroup;
			children = (
				B8AB525429F4B0BD0092519E /* SignUpViewController.swift */,
				B8AB526029F4C0430092519E /* logInViewController.swift */,
				B89FB0A22A08FDE1008EFCDF /* LocationRequestView.swift */,
				B89FB0A42A09E248008EFCDF /* CalculatorViewController.swift */,
				B861A6712A11DC8800D5D753 /* SearchRecipesTableViewController.swift */,
				B861A6732A12070C00D5D753 /* RecipeOverview_ViewController.swift */,
				B861A6512A106CA000D5D753 /* IngredientListTableViewController.swift */,
				B8232FC72A188B620051FF35 /* GetStartedViewController.swift */,
				B861A6752A13033200D5D753 /* StepsViewController.swift */,
				B8232FD52A19A90B0051FF35 /* SavedRecipesTableViewController.swift */,
				B82A3D172A20CFBB00ACB2D5 /* HomePageViews */,
				B82A3D152A20CFB600ACB2D5 /* UploadReviewViewController.swift */,
				B872ACA12A2317C200D3DED3 /* CommunityPageViews */,
			);
			path = View;
			sourceTree = "<group>";
		};
		B8B0B6E72A25B40400771A4C /* Frameworks */ = {
			isa = PBXGroup;
			children = (
			);
			name = Frameworks;
			sourceTree = "<group>";
		};
/* End PBXGroup section */

/* Begin PBXNativeTarget section */
		B8AB522D29F4AE770092519E /* Final_App_FIT3178 */ = {
			isa = PBXNativeTarget;
			buildConfigurationList = B8AB524229F4AE780092519E /* Build configuration list for PBXNativeTarget "Final_App_FIT3178" */;
			buildPhases = (
				B8AB522A29F4AE770092519E /* Sources */,
				B8AB522B29F4AE770092519E /* Frameworks */,
				B8AB522C29F4AE770092519E /* Resources */,
			);
			buildRules = (
			);
			dependencies = (
			);
			name = Final_App_FIT3178;
			packageProductDependencies = (
				B8AB524629F4AF300092519E /* FirebaseAuth */,
				B8AB524829F4AF300092519E /* FirebaseFirestore */,
				B8AB524A29F4AF300092519E /* FirebaseFirestoreSwift */,
				B8AB524D29F4AF500092519E /* GoogleSignIn */,
				B8AB524F29F4AF500092519E /* GoogleSignInSwift */,
				B8232FFC2A1C50270051FF35 /* SDWebImage */,
				B8232FFE2A1C50270051FF35 /* SDWebImageMapKit */,
				B861399F2A246C6900B9AA30 /* FirebaseStorage */,
				B8B0B6E82A25B40400771A4C /* FirebaseDatabase */,
			);
			productName = Final_App_FIT3178;
			productReference = B8B0B6E62A257C9000771A4C /* Final_App_FIT3178.app */;
			productType = "com.apple.product-type.application";
		};
/* End PBXNativeTarget section */

/* Begin PBXProject section */
		B8AB522629F4AE770092519E /* Project object */ = {
			isa = PBXProject;
			attributes = {
				BuildIndependentTargetsInParallel = 1;
				LastSwiftUpdateCheck = 1430;
				LastUpgradeCheck = 1430;
				TargetAttributes = {
					B8AB522D29F4AE770092519E = {
						CreatedOnToolsVersion = 14.3;
					};
				};
			};
			buildConfigurationList = B8AB522929F4AE770092519E /* Build configuration list for PBXProject " " */;
			compatibilityVersion = "Xcode 14.0";
			developmentRegion = en;
			hasScannedForEncodings = 0;
			knownRegions = (
				en,
				Base,
			);
			mainGroup = B8AB522529F4AE770092519E;
			packageReferences = (
				B8AB524529F4AF300092519E /* XCRemoteSwiftPackageReference "firebase-ios-sdk" */,
				B8AB524C29F4AF500092519E /* XCRemoteSwiftPackageReference "GoogleSignIn-iOS" */,
				B8232FFB2A1C50260051FF35 /* XCRemoteSwiftPackageReference "SDWebImage" */,
			);
			productRefGroup = B8AB522529F4AE770092519E;
			projectDirPath = "";
			projectRoot = "";
			targets = (
				B8AB522D29F4AE770092519E /* Final_App_FIT3178 */,
			);
		};
/* End PBXProject section */

/* Begin PBXResourcesBuildPhase section */
		B8AB522C29F4AE770092519E /* Resources */ = {
			isa = PBXResourcesBuildPhase;
			buildActionMask = 2147483647;
			files = (
				B8AB523E29F4AE780092519E /* LaunchScreen.storyboard in Resources */,
				B872ACA92A23232900D3DED3 /* GoogleService-Info.plist in Resources */,
				B8AB523B29F4AE780092519E /* Assets.xcassets in Resources */,
				B8AB523929F4AE780092519E /* Main.storyboard in Resources */,
			);
			runOnlyForDeploymentPostprocessing = 0;
		};
/* End PBXResourcesBuildPhase section */

/* Begin PBXSourcesBuildPhase section */
		B8AB522A29F4AE770092519E /* Sources */ = {
			isa = PBXSourcesBuildPhase;
			buildActionMask = 2147483647;
			files = (
				B82A3D162A20CFB600ACB2D5 /* UploadReviewViewController.swift in Sources */,
				B8232FE12A19CEA10051FF35 /* RecipeEntity+CoreDataClass.swift in Sources */,
				B8232FD62A19A90B0051FF35 /* SavedRecipesTableViewController.swift in Sources */,
				B8AB525B29F4BD800092519E /* FirebaseController.swift in Sources */,
				B8232FFA2A1B360A0051FF35 /* TitleCollectionViewCell.swift in Sources */,
				B861A6742A12070C00D5D753 /* RecipeOverview_ViewController.swift in Sources */,
				B861A6722A11DC8800D5D753 /* SearchRecipesTableViewController.swift in Sources */,
				B872ACA32A2317F900D3DED3 /* CommunityViewController.swift in Sources */,
				B8232FD42A19A54D0051FF35 /* CoreDataController.swift in Sources */,
				B87A074629F7A65C00461F82 /* HomePageViewController.swift in Sources */,
				B8A6A96D2A0E13AE00717CA5 /* Weather_Temp_data.swift in Sources */,
				B861A6702A10EF9200D5D753 /* RecipeData.swift in Sources */,
				B861A6562A106E2200D5D753 /* RecipeInfo.swift in Sources */,
				B8AB525E29F4BF2D0092519E /* DisplayMessage.swift in Sources */,
				B8AB526129F4C0430092519E /* logInViewController.swift in Sources */,
				B861A67E2A1306C200D5D753 /* RecipeStep.swift in Sources */,
				B89FB0A32A08FDE1008EFCDF /* LocationRequestView.swift in Sources */,
				B8232FF62A1B26C20051FF35 /* CollectionViewTableViewCell.swift in Sources */,
				B8232FC82A188B620051FF35 /* GetStartedViewController.swift in Sources */,
				B872ACA52A2319E100D3DED3 /* ReviewPostTableViewCell.swift in Sources */,
				B89FB0A52A09E248008EFCDF /* CalculatorViewController.swift in Sources */,
				B8AB523229F4AE780092519E /* AppDelegate.swift in Sources */,
				B8AB525529F4B0BD0092519E /* SignUpViewController.swift in Sources */,
				B8AB523429F4AE780092519E /* SceneDelegate.swift in Sources */,
				B872ACA72A231F8300D3DED3 /* StorageManager.swift in Sources */,
				B861A6762A13033200D5D753 /* StepsViewController.swift in Sources */,
				B8232FE22A19CEA10051FF35 /* RecipeEntity+CoreDataProperties.swift in Sources */,
				B861A6822A133AB200D5D753 /* Instruction.swift in Sources */,
				B8232FCC2A18CF220051FF35 /* RecipesDataModel.xcdatamodeld in Sources */,
				B861A66C2A10ED3B00D5D753 /* SearchRecipe.swift in Sources */,
				B861A6522A106CA000D5D753 /* IngredientListTableViewController.swift in Sources */,
				B8232FF82A1B30ED0051FF35 /* APICaller.swift in Sources */,
				B89FB09F2A08F613008EFCDF /* LocationManager.swift in Sources */,
			);
			runOnlyForDeploymentPostprocessing = 0;
		};
/* End PBXSourcesBuildPhase section */

/* Begin PBXVariantGroup section */
		B8AB523729F4AE780092519E /* Main.storyboard */ = {
			isa = PBXVariantGroup;
			children = (
				B8AB523829F4AE780092519E /* Base */,
			);
			name = Main.storyboard;
			sourceTree = "<group>";
		};
		B8AB523C29F4AE780092519E /* LaunchScreen.storyboard */ = {
			isa = PBXVariantGroup;
			children = (
				B8AB523D29F4AE780092519E /* Base */,
			);
			name = LaunchScreen.storyboard;
			sourceTree = "<group>";
		};
/* End PBXVariantGroup section */

/* Begin XCBuildConfiguration section */
		B8AB524029F4AE780092519E /* Debug */ = {
			isa = XCBuildConfiguration;
			buildSettings = {
				ALWAYS_SEARCH_USER_PATHS = NO;
				CLANG_ANALYZER_NONNULL = YES;
				CLANG_ANALYZER_NUMBER_OBJECT_CONVERSION = YES_AGGRESSIVE;
				CLANG_CXX_LANGUAGE_STANDARD = "gnu++20";
				CLANG_ENABLE_MODULES = YES;
				CLANG_ENABLE_OBJC_ARC = YES;
				CLANG_ENABLE_OBJC_WEAK = YES;
				CLANG_WARN_BLOCK_CAPTURE_AUTORELEASING = YES;
				CLANG_WARN_BOOL_CONVERSION = YES;
				CLANG_WARN_COMMA = YES;
				CLANG_WARN_CONSTANT_CONVERSION = YES;
				CLANG_WARN_DEPRECATED_OBJC_IMPLEMENTATIONS = YES;
				CLANG_WARN_DIRECT_OBJC_ISA_USAGE = YES_ERROR;
				CLANG_WARN_DOCUMENTATION_COMMENTS = YES;
				CLANG_WARN_EMPTY_BODY = YES;
				CLANG_WARN_ENUM_CONVERSION = YES;
				CLANG_WARN_INFINITE_RECURSION = YES;
				CLANG_WARN_INT_CONVERSION = YES;
				CLANG_WARN_NON_LITERAL_NULL_CONVERSION = YES;
				CLANG_WARN_OBJC_IMPLICIT_RETAIN_SELF = YES;
				CLANG_WARN_OBJC_LITERAL_CONVERSION = YES;
				CLANG_WARN_OBJC_ROOT_CLASS = YES_ERROR;
				CLANG_WARN_QUOTED_INCLUDE_IN_FRAMEWORK_HEADER = YES;
				CLANG_WARN_RANGE_LOOP_ANALYSIS = YES;
				CLANG_WARN_STRICT_PROTOTYPES = YES;
				CLANG_WARN_SUSPICIOUS_MOVE = YES;
				CLANG_WARN_UNGUARDED_AVAILABILITY = YES_AGGRESSIVE;
				CLANG_WARN_UNREACHABLE_CODE = YES;
				CLANG_WARN__DUPLICATE_METHOD_MATCH = YES;
				COPY_PHASE_STRIP = NO;
				DEBUG_INFORMATION_FORMAT = dwarf;
				ENABLE_STRICT_OBJC_MSGSEND = YES;
				ENABLE_TESTABILITY = YES;
				GCC_C_LANGUAGE_STANDARD = gnu11;
				GCC_DYNAMIC_NO_PIC = NO;
				GCC_NO_COMMON_BLOCKS = YES;
				GCC_OPTIMIZATION_LEVEL = 0;
				GCC_PREPROCESSOR_DEFINITIONS = (
					"DEBUG=1",
					"$(inherited)",
				);
				GCC_WARN_64_TO_32_BIT_CONVERSION = YES;
				GCC_WARN_ABOUT_RETURN_TYPE = YES_ERROR;
				GCC_WARN_UNDECLARED_SELECTOR = YES;
				GCC_WARN_UNINITIALIZED_AUTOS = YES_AGGRESSIVE;
				GCC_WARN_UNUSED_FUNCTION = YES;
				GCC_WARN_UNUSED_VARIABLE = YES;
				IPHONEOS_DEPLOYMENT_TARGET = 16.4;
				MTL_ENABLE_DEBUG_INFO = INCLUDE_SOURCE;
				MTL_FAST_MATH = YES;
				ONLY_ACTIVE_ARCH = YES;
				SDKROOT = iphoneos;
				SWIFT_ACTIVE_COMPILATION_CONDITIONS = DEBUG;
				SWIFT_OPTIMIZATION_LEVEL = "-Onone";
			};
			name = Debug;
		};
		B8AB524129F4AE780092519E /* Release */ = {
			isa = XCBuildConfiguration;
			buildSettings = {
				ALWAYS_SEARCH_USER_PATHS = NO;
				CLANG_ANALYZER_NONNULL = YES;
				CLANG_ANALYZER_NUMBER_OBJECT_CONVERSION = YES_AGGRESSIVE;
				CLANG_CXX_LANGUAGE_STANDARD = "gnu++20";
				CLANG_ENABLE_MODULES = YES;
				CLANG_ENABLE_OBJC_ARC = YES;
				CLANG_ENABLE_OBJC_WEAK = YES;
				CLANG_WARN_BLOCK_CAPTURE_AUTORELEASING = YES;
				CLANG_WARN_BOOL_CONVERSION = YES;
				CLANG_WARN_COMMA = YES;
				CLANG_WARN_CONSTANT_CONVERSION = YES;
				CLANG_WARN_DEPRECATED_OBJC_IMPLEMENTATIONS = YES;
				CLANG_WARN_DIRECT_OBJC_ISA_USAGE = YES_ERROR;
				CLANG_WARN_DOCUMENTATION_COMMENTS = YES;
				CLANG_WARN_EMPTY_BODY = YES;
				CLANG_WARN_ENUM_CONVERSION = YES;
				CLANG_WARN_INFINITE_RECURSION = YES;
				CLANG_WARN_INT_CONVERSION = YES;
				CLANG_WARN_NON_LITERAL_NULL_CONVERSION = YES;
				CLANG_WARN_OBJC_IMPLICIT_RETAIN_SELF = YES;
				CLANG_WARN_OBJC_LITERAL_CONVERSION = YES;
				CLANG_WARN_OBJC_ROOT_CLASS = YES_ERROR;
				CLANG_WARN_QUOTED_INCLUDE_IN_FRAMEWORK_HEADER = YES;
				CLANG_WARN_RANGE_LOOP_ANALYSIS = YES;
				CLANG_WARN_STRICT_PROTOTYPES = YES;
				CLANG_WARN_SUSPICIOUS_MOVE = YES;
				CLANG_WARN_UNGUARDED_AVAILABILITY = YES_AGGRESSIVE;
				CLANG_WARN_UNREACHABLE_CODE = YES;
				CLANG_WARN__DUPLICATE_METHOD_MATCH = YES;
				COPY_PHASE_STRIP = NO;
				DEBUG_INFORMATION_FORMAT = "dwarf-with-dsym";
				ENABLE_NS_ASSERTIONS = NO;
				ENABLE_STRICT_OBJC_MSGSEND = YES;
				GCC_C_LANGUAGE_STANDARD = gnu11;
				GCC_NO_COMMON_BLOCKS = YES;
				GCC_WARN_64_TO_32_BIT_CONVERSION = YES;
				GCC_WARN_ABOUT_RETURN_TYPE = YES_ERROR;
				GCC_WARN_UNDECLARED_SELECTOR = YES;
				GCC_WARN_UNINITIALIZED_AUTOS = YES_AGGRESSIVE;
				GCC_WARN_UNUSED_FUNCTION = YES;
				GCC_WARN_UNUSED_VARIABLE = YES;
				IPHONEOS_DEPLOYMENT_TARGET = 16.4;
				MTL_ENABLE_DEBUG_INFO = NO;
				MTL_FAST_MATH = YES;
				SDKROOT = iphoneos;
				SWIFT_COMPILATION_MODE = wholemodule;
				SWIFT_OPTIMIZATION_LEVEL = "-O";
				VALIDATE_PRODUCT = YES;
			};
			name = Release;
		};
		B8AB524329F4AE780092519E /* Debug */ = {
			isa = XCBuildConfiguration;
			buildSettings = {
				ASSETCATALOG_COMPILER_APPICON_NAME = AppIcon;
				ASSETCATALOG_COMPILER_GLOBAL_ACCENT_COLOR_NAME = AccentColor;
				CODE_SIGN_ENTITLEMENTS = Final_App_FIT3178/Final_App_FIT3178.entitlements;
				CODE_SIGN_STYLE = Automatic;
				CURRENT_PROJECT_VERSION = 1;
				GENERATE_INFOPLIST_FILE = YES;
				INFOPLIST_FILE = Final_App_FIT3178/Info.plist;
				INFOPLIST_KEY_UIApplicationSupportsIndirectInputEvents = YES;
				INFOPLIST_KEY_UILaunchStoryboardName = LaunchScreen;
				INFOPLIST_KEY_UIMainStoryboardFile = Main;
				INFOPLIST_KEY_UISupportedInterfaceOrientations_iPad = "UIInterfaceOrientationPortrait UIInterfaceOrientationPortraitUpsideDown UIInterfaceOrientationLandscapeLeft UIInterfaceOrientationLandscapeRight";
				INFOPLIST_KEY_UISupportedInterfaceOrientations_iPhone = "UIInterfaceOrientationPortrait UIInterfaceOrientationLandscapeLeft UIInterfaceOrientationLandscapeRight";
				LD_RUNPATH_SEARCH_PATHS = (
					"$(inherited)",
					"@executable_path/Frameworks",
				);
				MARKETING_VERSION = 1.0;
				PRODUCT_BUNDLE_IDENTIFIER = "edu.monash.Final-App-FIT3178";
				PRODUCT_NAME = "$(TARGET_NAME)";
				SWIFT_EMIT_LOC_STRINGS = YES;
				SWIFT_VERSION = 5.0;
				TARGETED_DEVICE_FAMILY = "1,2";
			};
			name = Debug;
		};
		B8AB524429F4AE780092519E /* Release */ = {
			isa = XCBuildConfiguration;
			buildSettings = {
				ASSETCATALOG_COMPILER_APPICON_NAME = AppIcon;
				ASSETCATALOG_COMPILER_GLOBAL_ACCENT_COLOR_NAME = AccentColor;
				CODE_SIGN_ENTITLEMENTS = Final_App_FIT3178/Final_App_FIT3178.entitlements;
				CODE_SIGN_STYLE = Automatic;
				CURRENT_PROJECT_VERSION = 1;
				GENERATE_INFOPLIST_FILE = YES;
				INFOPLIST_FILE = Final_App_FIT3178/Info.plist;
				INFOPLIST_KEY_UIApplicationSupportsIndirectInputEvents = YES;
				INFOPLIST_KEY_UILaunchStoryboardName = LaunchScreen;
				INFOPLIST_KEY_UIMainStoryboardFile = Main;
				INFOPLIST_KEY_UISupportedInterfaceOrientations_iPad = "UIInterfaceOrientationPortrait UIInterfaceOrientationPortraitUpsideDown UIInterfaceOrientationLandscapeLeft UIInterfaceOrientationLandscapeRight";
				INFOPLIST_KEY_UISupportedInterfaceOrientations_iPhone = "UIInterfaceOrientationPortrait UIInterfaceOrientationLandscapeLeft UIInterfaceOrientationLandscapeRight";
				LD_RUNPATH_SEARCH_PATHS = (
					"$(inherited)",
					"@executable_path/Frameworks",
				);
				MARKETING_VERSION = 1.0;
				PRODUCT_BUNDLE_IDENTIFIER = "edu.monash.Final-App-FIT3178";
				PRODUCT_NAME = "$(TARGET_NAME)";
				SWIFT_EMIT_LOC_STRINGS = YES;
				SWIFT_VERSION = 5.0;
				TARGETED_DEVICE_FAMILY = "1,2";
			};
			name = Release;
		};
/* End XCBuildConfiguration section */

/* Begin XCConfigurationList section */
		B8AB522929F4AE770092519E /* Build configuration list for PBXProject " " */ = {
			isa = XCConfigurationList;
			buildConfigurations = (
				B8AB524029F4AE780092519E /* Debug */,
				B8AB524129F4AE780092519E /* Release */,
			);
			defaultConfigurationIsVisible = 0;
			defaultConfigurationName = Release;
		};
		B8AB524229F4AE780092519E /* Build configuration list for PBXNativeTarget "Final_App_FIT3178" */ = {
			isa = XCConfigurationList;
			buildConfigurations = (
				B8AB524329F4AE780092519E /* Debug */,
				B8AB524429F4AE780092519E /* Release */,
			);
			defaultConfigurationIsVisible = 0;
			defaultConfigurationName = Release;
		};
/* End XCConfigurationList section */

/* Begin XCRemoteSwiftPackageReference section */
		B8232FFB2A1C50260051FF35 /* XCRemoteSwiftPackageReference "SDWebImage" */ = {
			isa = XCRemoteSwiftPackageReference;
			repositoryURL = "https://github.com/SDWebImage/SDWebImage.git";
			requirement = {
				kind = upToNextMajorVersion;
				minimumVersion = 5.0.0;
			};
		};
		B8AB524529F4AF300092519E /* XCRemoteSwiftPackageReference "firebase-ios-sdk" */ = {
			isa = XCRemoteSwiftPackageReference;
			repositoryURL = "https://github.com/firebase/firebase-ios-sdk.git";
			requirement = {
				kind = upToNextMajorVersion;
				minimumVersion = 10.0.0;
			};
		};
		B8AB524C29F4AF500092519E /* XCRemoteSwiftPackageReference "GoogleSignIn-iOS" */ = {
			isa = XCRemoteSwiftPackageReference;
			repositoryURL = "https://github.com/google/GoogleSignIn-iOS";
			requirement = {
				kind = upToNextMajorVersion;
				minimumVersion = 7.0.0;
			};
		};
/* End XCRemoteSwiftPackageReference section */

/* Begin XCSwiftPackageProductDependency section */
		B8232FFC2A1C50270051FF35 /* SDWebImage */ = {
			isa = XCSwiftPackageProductDependency;
			package = B8232FFB2A1C50260051FF35 /* XCRemoteSwiftPackageReference "SDWebImage" */;
			productName = SDWebImage;
		};
		B8232FFE2A1C50270051FF35 /* SDWebImageMapKit */ = {
			isa = XCSwiftPackageProductDependency;
			package = B8232FFB2A1C50260051FF35 /* XCRemoteSwiftPackageReference "SDWebImage" */;
			productName = SDWebImageMapKit;
		};
		B861399F2A246C6900B9AA30 /* FirebaseStorage */ = {
			isa = XCSwiftPackageProductDependency;
			package = B8AB524529F4AF300092519E /* XCRemoteSwiftPackageReference "firebase-ios-sdk" */;
			productName = FirebaseStorage;
		};
		B8AB524629F4AF300092519E /* FirebaseAuth */ = {
			isa = XCSwiftPackageProductDependency;
			package = B8AB524529F4AF300092519E /* XCRemoteSwiftPackageReference "firebase-ios-sdk" */;
			productName = FirebaseAuth;
		};
		B8AB524829F4AF300092519E /* FirebaseFirestore */ = {
			isa = XCSwiftPackageProductDependency;
			package = B8AB524529F4AF300092519E /* XCRemoteSwiftPackageReference "firebase-ios-sdk" */;
			productName = FirebaseFirestore;
		};
		B8AB524A29F4AF300092519E /* FirebaseFirestoreSwift */ = {
			isa = XCSwiftPackageProductDependency;
			package = B8AB524529F4AF300092519E /* XCRemoteSwiftPackageReference "firebase-ios-sdk" */;
			productName = FirebaseFirestoreSwift;
		};
		B8AB524D29F4AF500092519E /* GoogleSignIn */ = {
			isa = XCSwiftPackageProductDependency;
			package = B8AB524C29F4AF500092519E /* XCRemoteSwiftPackageReference "GoogleSignIn-iOS" */;
			productName = GoogleSignIn;
		};
		B8AB524F29F4AF500092519E /* GoogleSignInSwift */ = {
			isa = XCSwiftPackageProductDependency;
			package = B8AB524C29F4AF500092519E /* XCRemoteSwiftPackageReference "GoogleSignIn-iOS" */;
			productName = GoogleSignInSwift;
		};
		B8B0B6E82A25B40400771A4C /* FirebaseDatabase */ = {
			isa = XCSwiftPackageProductDependency;
			package = B8AB524529F4AF300092519E /* XCRemoteSwiftPackageReference "firebase-ios-sdk" */;
			productName = FirebaseDatabase;
		};
/* End XCSwiftPackageProductDependency section */

/* Begin XCVersionGroup section */
		B8232FCA2A18CF220051FF35 /* RecipesDataModel.xcdatamodeld */ = {
			isa = XCVersionGroup;
			children = (
				B8232FCB2A18CF220051FF35 /* RecipesDataModel.xcdatamodel */,
			);
			currentVersion = B8232FCB2A18CF220051FF35 /* RecipesDataModel.xcdatamodel */;
			path = RecipesDataModel.xcdatamodeld;
			sourceTree = "<group>";
			versionGroupType = wrapper.xcdatamodel;
		};
/* End XCVersionGroup section */
	};
	rootObject = B8AB522629F4AE770092519E /* Project object */;
}
